
Microsoft Visual Studio Solution File, Format Version 12.00
# Visual Studio Version 17
VisualStudioVersion = 17.14.36518.9 d17.14
MinimumVisualStudioVersion = 10.0.40219.1
Project("{8BC9CEB8-8B4A-11D0-8D11-00A0C91BC942}") = "ProjektniZad1", "ProjektniZad1\ProjektniZad1.vcxproj", "{8843B000-FA70-4F30-B6BA-8A0679C93075}"
EndProject
Global
	GlobalSection(SolutionConfigurationPlatforms) = preSolution
		Debug|x64 = Debug|x64
		Debug|x86 = Debug|x86
		Release|x64 = Release|x64
		Release|x86 = Release|x86
	EndGlobalSection
	GlobalSection(ProjectConfigurationPlatforms) = postSolution
		{8843B000-FA70-4F30-B6BA-8A0679C93075}.Debug|x64.ActiveCfg = Debug|x64
		{8843B000-FA70-4F30-B6BA-8A0679C93075}.Debug|x64.Build.0 = Debug|x64
		{8843B000-FA70-4F30-B6BA-8A0679C93075}.Debug|x86.ActiveCfg = Debug|Win32
		{8843B000-FA70-4F30-B6BA-8A0679C93075}.Debug|x86.Build.0 = Debug|Win32
		{8843B000-FA70-4F30-B6BA-8A0679C93075}.Release|x64.ActiveCfg = Release|x64
		{8843B000-FA70-4F30-B6BA-8A0679C93075}.Release|x64.Build.0 = Release|x64
		{8843B000-FA70-4F30-B6BA-8A0679C93075}.Release|x86.ActiveCfg = Release|Win32
		{8843B000-FA70-4F30-B6BA-8A0679C93075}.Release|x86.Build.0 = Release|Win32
	EndGlobalSection
	GlobalSection(SolutionProperties) = preSolution
		HideSolutionNode = FALSE
	EndGlobalSection
	GlobalSection(ExtensibilityGlobals) = postSolution
		SolutionGuid = {9CC5ECA3-BF51-4BAE-9456-AF4A63B546AF}
	EndGlobalSection
EndGlobal
